<?xml version="1.0" encoding="utf-8"?>
<Project ToolsVersion="4.0" xmlns="http://schemas.microsoft.com/developer/msbuild/2003">
  <ItemGroup>
    <Filter Include="Source Files">
      <UniqueIdentifier>{4FC737F1-C7A5-4376-A066-2A32D752A2FF}</UniqueIdentifier>
      <Extensions>cpp;c;cc;cxx;c++;cppm;ixx;def;odl;idl;hpj;bat;asm;asmx</Extensions>
    </Filter>
    <Filter Include="Header Files">
      <UniqueIdentifier>{93995380-89BD-4b04-88EB-625FBE52EBFB}</UniqueIdentifier>
      <Extensions>h;hh;hpp;hxx;h++;hm;inl;inc;ipp;xsd</Extensions>
    </Filter>
    <Filter Include="Resource Files">
      <UniqueIdentifier>{67DA6AB6-F800-4c08-8B7A-83BB121AAD01}</UniqueIdentifier>
      <Extensions>rc;ico;cur;bmp;dlg;rc2;rct;bin;rgs;gif;jpg;jpeg;jpe;resx;tiff;tif;png;wav;mfcribbon-ms</Extensions>
    </Filter>
  </ItemGroup>
  <ItemGroup>
    <ClCompile Include="CubeCrafters\CubeCrafters.cpp">
      <Filter>Source Files</Filter>
    </ClCompile>
    <ClCompile Include="glad.c">
      <Filter>Source Files</Filter>
    </ClCompile>
  </ItemGroup>
  <ItemGroup>
    <ClInclude Include="CubeCrafters\include\core\Logger.hpp">
      <Filter>Header Files</Filter>
    </ClInclude>
    <ClInclude Include="CubeCrafters\include\thread\ThreadTaskExecutor.hpp">
      <Filter>Header Files</Filter>
    </ClInclude>
    <ClInclude Include="CubeCrafters\include\util\ANSIFormatter.hpp">
      <Filter>Header Files</Filter>
    </ClInclude>
    <ClInclude Include="CubeCrafters\include\core\Window.hpp">
      <Filter>Header Files</Filter>
    </ClInclude>
    <ClInclude Include="CubeCrafters\include\core\Input.hpp">
      <Filter>Header Files</Filter>
    </ClInclude>
    <ClInclude Include="CubeCrafters\include\thread\MainThreadExecutor.hpp">
      <Filter>Header Files</Filter>
    </ClInclude>
    <ClInclude Include="CubeCrafters\include\render\RenderableObject.hpp">
      <Filter>Header Files</Filter>
    </ClInclude>
    <ClInclude Include="CubeCrafters\include\record\Hash.hpp">
      <Filter>Header Files</Filter>
    </ClInclude>
    <ClInclude Include="CubeCrafters\include\record\NameIDTag.hpp">
      <Filter>Header Files</Filter>
    </ClInclude>
    <ClInclude Include="CubeCrafters\include\render\ShaderObject.hpp">
      <Filter>Header Files</Filter>
    </ClInclude>
    <ClInclude Include="CubeCrafters\include\render\ShaderManager.hpp">
      <Filter>Header Files</Filter>
    </ClInclude>
    <ClInclude Include="CubeCrafters\include\core\Settings.hpp">
      <Filter>Header Files</Filter>
    </ClInclude>
    <ClInclude Include="assets\cubecrafters\shaders\defaultVertex.glsl">
      <Filter>Header Files</Filter>
    </ClInclude>
    <ClInclude Include="CubeCrafters\include\math\Transform.hpp">
      <Filter>Header Files</Filter>
    </ClInclude>
    <ClInclude Include="CubeCrafters\include\render\Renderer.hpp">
      <Filter>Header Files</Filter>
    </ClInclude>
    <ClInclude Include="CubeCrafters\include\math\Camera.hpp">
      <Filter>Header Files</Filter>
    </ClInclude>
    <ClInclude Include="CubeCrafters\include\entity\Player.hpp">
      <Filter>Header Files</Filter>
    </ClInclude>
    <ClInclude Include="CubeCrafters\include\render\Texture.hpp">
      <Filter>Header Files</Filter>
    </ClInclude>
    <ClInclude Include="CubeCrafters\include\render\TextureManager.hpp">
      <Filter>Header Files</Filter>
    </ClInclude>
    <ClInclude Include="CubeCrafters\include\world\Chunk.hpp">
      <Filter>Header Files</Filter>
    </ClInclude>
    <ClInclude Include="CubeCrafters\include\math\TransformI.hpp">
      <Filter>Header Files</Filter>
    </ClInclude>
    <ClInclude Include="CubeCrafters\include\world\BlockManager.hpp">
      <Filter>Header Files</Filter>
    </ClInclude>
    <ClInclude Include="CubeCrafters\include\world\World.hpp">
      <Filter>Header Files</Filter>
    </ClInclude>
    <ClInclude Include="CubeCrafters\include\thread\ThreadedChunkMap.hpp">
      <Filter>Header Files</Filter>
    </ClInclude>
  </ItemGroup>
  <ItemGroup>
    <None Include="assets\cubecrafters\shaders\defaultFragment.glsl" />
  </ItemGroup>
</Project>